
Microsoft Visual Studio Solution File, Format Version 12.00
# Visual Studio Version 16
VisualStudioVersion = 16.0.30413.136
MinimumVisualStudioVersion = 10.0.40219.1
Project("{FAE04EC0-301F-11D3-BF4B-00C04F79EFBC}") = "Entidades", "Entidades\Entidades.csproj", "{B18A2005-37B3-4BFE-B032-66DDE29081C9}"
EndProject
Project("{FAE04EC0-301F-11D3-BF4B-00C04F79EFBC}") = "MiCalculadora", "MiCalculadora\MiCalculadora.csproj", "{8B1EE0D3-BA8D-4C19-B43E-B34B2ADEDC5A}"
EndProject
Global
	GlobalSection(SolutionConfigurationPlatforms) = preSolution
		Debug|Any CPU = Debug|Any CPU
		Release|Any CPU = Release|Any CPU
	EndGlobalSection
	GlobalSection(ProjectConfigurationPlatforms) = postSolution
		{B18A2005-37B3-4BFE-B032-66DDE29081C9}.Debug|Any CPU.ActiveCfg = Debug|Any CPU
		{B18A2005-37B3-4BFE-B032-66DDE29081C9}.Debug|Any CPU.Build.0 = Debug|Any CPU
		{B18A2005-37B3-4BFE-B032-66DDE29081C9}.Release|Any CPU.ActiveCfg = Release|Any CPU
		{B18A2005-37B3-4BFE-B032-66DDE29081C9}.Release|Any CPU.Build.0 = Release|Any CPU
		{8B1EE0D3-BA8D-4C19-B43E-B34B2ADEDC5A}.Debug|Any CPU.ActiveCfg = Debug|Any CPU
		{8B1EE0D3-BA8D-4C19-B43E-B34B2ADEDC5A}.Debug|Any CPU.Build.0 = Debug|Any CPU
		{8B1EE0D3-BA8D-4C19-B43E-B34B2ADEDC5A}.Release|Any CPU.ActiveCfg = Release|Any CPU
		{8B1EE0D3-BA8D-4C19-B43E-B34B2ADEDC5A}.Release|Any CPU.Build.0 = Release|Any CPU
	EndGlobalSection
	GlobalSection(SolutionProperties) = preSolution
		HideSolutionNode = FALSE
	EndGlobalSection
	GlobalSection(ExtensibilityGlobals) = postSolution
		SolutionGuid = {BC4785EF-37FD-49DB-B741-25E4B9C95BAE}
	EndGlobalSection
EndGlobal
